
Microsoft Visual Studio Solution File, Format Version 12.00
# Visual Studio Version 17
VisualStudioVersion = 17.1.32421.90
MinimumVisualStudioVersion = 10.0.40219.1
Project("{FAE04EC0-301F-11D3-BF4B-00C04F79EFBC}") = "ChitChat.API", "ChitChat.API.csproj", "{FB234FD6-0B78-4571-A311-75DD5B43EB17}"
EndProject
Global
	GlobalSection(SolutionConfigurationPlatforms) = preSolution
		Debug|Any CPU = Debug|Any CPU
		Release|Any CPU = Release|Any CPU
	EndGlobalSection
	GlobalSection(ProjectConfigurationPlatforms) = postSolution
		{FB234FD6-0B78-4571-A311-75DD5B43EB17}.Debug|Any CPU.ActiveCfg = Debug|Any CPU
		{FB234FD6-0B78-4571-A311-75DD5B43EB17}.Debug|Any CPU.Build.0 = Debug|Any CPU
		{FB234FD6-0B78-4571-A311-75DD5B43EB17}.Release|Any CPU.ActiveCfg = Release|Any CPU
		{FB234FD6-0B78-4571-A311-75DD5B43EB17}.Release|Any CPU.Build.0 = Release|Any CPU
	EndGlobalSection
	GlobalSection(SolutionProperties) = preSolution
		HideSolutionNode = FALSE
	EndGlobalSection
	GlobalSection(ExtensibilityGlobals) = postSolution
		SolutionGuid = {1ED3BFD9-8754-4C4E-A662-4F3FA61ECACE}
	EndGlobalSection
EndGlobal
